{
  "name": "ui5-ts-amd",
  "version": "0.0.1",
  "lockfileVersion": 2,
  "requires": true,
  "packages": {
    "": {
      "version": "0.0.1",
      "license": "MIT",
      "dependencies": {
        "@sapui5/ts-types": "^1.84.11",
        "typescript": "^4.2.4"
      },
      "devDependencies": {
        "@types/node": "^14.14.39"
      }
    },
    "node_modules/@sapui5/ts-types": {
      "version": "1.84.11",
      "resolved": "https://registry.npmjs.org/@sapui5/ts-types/-/ts-types-1.84.11.tgz",
      "integrity": "sha512-D1Q28k/ArTL9PB3ybX8pPZBLzTQuYrgSf8/90YVI1a4wxEytdYVeP19456jWbGWX7qEvogzTKNHnjRJna9VKRQ=="
    },
    "node_modules/@types/node": {
      "version": "14.14.39",
      "resolved": "https://registry.npmjs.org/@types/node/-/node-14.14.39.tgz",
      "integrity": "sha512-Qipn7rfTxGEDqZiezH+wxqWYR8vcXq5LRpZrETD19Gs4o8LbklbmqotSUsMU+s5G3PJwMRDfNEYoxrcBwIxOuw==",
      "dev": true
    },
    "node_modules/typescript": {
      "version": "4.2.4",
      "resolved": "https://registry.npmjs.org/typescript/-/typescript-4.2.4.tgz",
      "integrity": "sha512-V+evlYHZnQkaz8TRBuxTA92yZBPotr5H+WhQ7bD3hZUndx5tGOa1fuCgeSjxAzM1RiN5IzvadIXTVefuuwZCRg==",
      "bin": {
        "tsc": "bin/tsc",
        "tsserver": "bin/tsserver"
      },
      "engines": {
        "node": ">=4.2.0"
      }
    }
  },
  "dependencies": {
    "@sapui5/ts-types": {
      "version": "1.84.11",
      "resolved": "https://registry.npmjs.org/@sapui5/ts-types/-/ts-types-1.84.11.tgz",
      "integrity": "sha512-D1Q28k/ArTL9PB3ybX8pPZBLzTQuYrgSf8/90YVI1a4wxEytdYVeP19456jWbGWX7qEvogzTKNHnjRJna9VKRQ=="
    },
    "@types/node": {
      "version": "14.14.39",
      "resolved": "https://registry.npmjs.org/@types/node/-/node-14.14.39.tgz",
      "integrity": "sha512-Qipn7rfTxGEDqZiezH+wxqWYR8vcXq5LRpZrETD19Gs4o8LbklbmqotSUsMU+s5G3PJwMRDfNEYoxrcBwIxOuw==",
      "dev": true
    },
    "typescript": {
      "version": "4.2.4",
      "resolved": "https://registry.npmjs.org/typescript/-/typescript-4.2.4.tgz",
      "integrity": "sha512-V+evlYHZnQkaz8TRBuxTA92yZBPotr5H+WhQ7bD3hZUndx5tGOa1fuCgeSjxAzM1RiN5IzvadIXTVefuuwZCRg=="
    }
  }
}
